
Microsoft Visual Studio Solution File, Format Version 12.00
# Visual Studio Version 16
VisualStudioVersion = 16.0.31321.278
MinimumVisualStudioVersion = 10.0.40219.1
Project("{8BC9CEB8-8B4A-11D0-8D11-00A0C91BC942}") = "LB-G10", "LB-G10.vcxproj", "{2A21CC51-A291-4028-9646-BB8E351B297B}"
EndProject
Project("{8BC9CEB8-8B4A-11D0-8D11-00A0C91BC942}") = "Client", "Client\Client.vcxproj", "{E2E17EAF-3465-4EB0-B58D-7712D7BD11DF}"
EndProject
Global
	GlobalSection(SolutionConfigurationPlatforms) = preSolution
		Debug|x64 = Debug|x64
		Debug|x86 = Debug|x86
		Release|x64 = Release|x64
		Release|x86 = Release|x86
	EndGlobalSection
	GlobalSection(ProjectConfigurationPlatforms) = postSolution
		{2A21CC51-A291-4028-9646-BB8E351B297B}.Debug|x64.ActiveCfg = Debug|x64
		{2A21CC51-A291-4028-9646-BB8E351B297B}.Debug|x64.Build.0 = Debug|x64
		{2A21CC51-A291-4028-9646-BB8E351B297B}.Debug|x86.ActiveCfg = Debug|Win32
		{2A21CC51-A291-4028-9646-BB8E351B297B}.Debug|x86.Build.0 = Debug|Win32
		{2A21CC51-A291-4028-9646-BB8E351B297B}.Release|x64.ActiveCfg = Release|x64
		{2A21CC51-A291-4028-9646-BB8E351B297B}.Release|x64.Build.0 = Release|x64
		{2A21CC51-A291-4028-9646-BB8E351B297B}.Release|x86.ActiveCfg = Release|Win32
		{2A21CC51-A291-4028-9646-BB8E351B297B}.Release|x86.Build.0 = Release|Win32
		{E2E17EAF-3465-4EB0-B58D-7712D7BD11DF}.Debug|x64.ActiveCfg = Debug|x64
		{E2E17EAF-3465-4EB0-B58D-7712D7BD11DF}.Debug|x64.Build.0 = Debug|x64
		{E2E17EAF-3465-4EB0-B58D-7712D7BD11DF}.Debug|x86.ActiveCfg = Debug|Win32
		{E2E17EAF-3465-4EB0-B58D-7712D7BD11DF}.Debug|x86.Build.0 = Debug|Win32
		{E2E17EAF-3465-4EB0-B58D-7712D7BD11DF}.Release|x64.ActiveCfg = Release|x64
		{E2E17EAF-3465-4EB0-B58D-7712D7BD11DF}.Release|x64.Build.0 = Release|x64
		{E2E17EAF-3465-4EB0-B58D-7712D7BD11DF}.Release|x86.ActiveCfg = Release|Win32
		{E2E17EAF-3465-4EB0-B58D-7712D7BD11DF}.Release|x86.Build.0 = Release|Win32
	EndGlobalSection
	GlobalSection(SolutionProperties) = preSolution
		HideSolutionNode = FALSE
	EndGlobalSection
	GlobalSection(ExtensibilityGlobals) = postSolution
		SolutionGuid = {7B33C038-9D98-4682-B6AD-17709E19834B}
	EndGlobalSection
EndGlobal
